
Microsoft Visual Studio Solution File, Format Version 12.00
# Visual Studio 15
VisualStudioVersion = 15.0.26430.16
MinimumVisualStudioVersion = 10.0.40219.1
Project("{9A19103F-16F7-4668-BE54-9A1E7A4F7556}") = "KafkaClient", "src\KafkaClient\KafkaClient.csproj", "{162BFAA6-2E29-4F6D-A346-785714A3A1CD}"
EndProject
Project("{9A19103F-16F7-4668-BE54-9A1E7A4F7556}") = "KafkaClient.Tests", "src\KafkaClient.Tests\KafkaClient.Tests.csproj", "{FD8BE316-5EAA-4741-A2BB-481B02B1726A}"
EndProject
Project("{9A19103F-16F7-4668-BE54-9A1E7A4F7556}") = "KafkaClient.Performance", "src\KafkaClient.Performance\KafkaClient.Performance.csproj", "{4DD89622-E571-4E2F-BF47-4B47D0E16081}"
EndProject
Project("{9A19103F-16F7-4668-BE54-9A1E7A4F7556}") = "KafkaClient.Testing", "src\KafkaClient.Testing\KafkaClient.Testing.csproj", "{C1493E63-1E9D-4A76-B4BA-273F8CD52256}"
EndProject
Project("{9A19103F-16F7-4668-BE54-9A1E7A4F7556}") = "KafkaClient.Examples", "src\KafkaClient.Examples\KafkaClient.Examples.csproj", "{36608825-4DE7-4F7C-AF7C-59DA0071CD4C}"
EndProject
Global
	GlobalSection(SolutionConfigurationPlatforms) = preSolution
		Debug|Any CPU = Debug|Any CPU
		Release|Any CPU = Release|Any CPU
	EndGlobalSection
	GlobalSection(ProjectConfigurationPlatforms) = postSolution
		{162BFAA6-2E29-4F6D-A346-785714A3A1CD}.Debug|Any CPU.ActiveCfg = Debug|Any CPU
		{162BFAA6-2E29-4F6D-A346-785714A3A1CD}.Debug|Any CPU.Build.0 = Debug|Any CPU
		{162BFAA6-2E29-4F6D-A346-785714A3A1CD}.Release|Any CPU.ActiveCfg = Release|Any CPU
		{162BFAA6-2E29-4F6D-A346-785714A3A1CD}.Release|Any CPU.Build.0 = Release|Any CPU
		{FD8BE316-5EAA-4741-A2BB-481B02B1726A}.Debug|Any CPU.ActiveCfg = Debug|Any CPU
		{FD8BE316-5EAA-4741-A2BB-481B02B1726A}.Debug|Any CPU.Build.0 = Debug|Any CPU
		{FD8BE316-5EAA-4741-A2BB-481B02B1726A}.Release|Any CPU.ActiveCfg = Release|Any CPU
		{FD8BE316-5EAA-4741-A2BB-481B02B1726A}.Release|Any CPU.Build.0 = Release|Any CPU
		{4DD89622-E571-4E2F-BF47-4B47D0E16081}.Debug|Any CPU.ActiveCfg = Debug|Any CPU
		{4DD89622-E571-4E2F-BF47-4B47D0E16081}.Debug|Any CPU.Build.0 = Debug|Any CPU
		{4DD89622-E571-4E2F-BF47-4B47D0E16081}.Release|Any CPU.ActiveCfg = Release|Any CPU
		{4DD89622-E571-4E2F-BF47-4B47D0E16081}.Release|Any CPU.Build.0 = Release|Any CPU
		{C1493E63-1E9D-4A76-B4BA-273F8CD52256}.Debug|Any CPU.ActiveCfg = Debug|Any CPU
		{C1493E63-1E9D-4A76-B4BA-273F8CD52256}.Debug|Any CPU.Build.0 = Debug|Any CPU
		{C1493E63-1E9D-4A76-B4BA-273F8CD52256}.Release|Any CPU.ActiveCfg = Release|Any CPU
		{C1493E63-1E9D-4A76-B4BA-273F8CD52256}.Release|Any CPU.Build.0 = Release|Any CPU
		{36608825-4DE7-4F7C-AF7C-59DA0071CD4C}.Debug|Any CPU.ActiveCfg = Debug|Any CPU
		{36608825-4DE7-4F7C-AF7C-59DA0071CD4C}.Debug|Any CPU.Build.0 = Debug|Any CPU
		{36608825-4DE7-4F7C-AF7C-59DA0071CD4C}.Release|Any CPU.ActiveCfg = Release|Any CPU
		{36608825-4DE7-4F7C-AF7C-59DA0071CD4C}.Release|Any CPU.Build.0 = Release|Any CPU
	EndGlobalSection
	GlobalSection(SolutionProperties) = preSolution
		HideSolutionNode = FALSE
	EndGlobalSection
EndGlobal
